
Microsoft Visual Studio Solution File, Format Version 12.00
# Visual Studio 15
VisualStudioVersion = 15.0.27703.2047
MinimumVisualStudioVersion = 10.0.40219.1
Project("{FAE04EC0-301F-11D3-BF4B-00C04F79EFBC}") = "EJ1", "EJ1\EJ1.csproj", "{0017464C-3845-4817-9951-596ABB490274}"
EndProject
Project("{FAE04EC0-301F-11D3-BF4B-00C04F79EFBC}") = "EJ2", "EJ2\EJ2.csproj", "{889D6FEA-22C9-4699-BF71-BDC0584AF68A}"
EndProject
Project("{FAE04EC0-301F-11D3-BF4B-00C04F79EFBC}") = "EJ4", "EJ4\EJ4.csproj", "{E05ADF09-B37E-4123-9D59-896428DE4096}"
EndProject
Project("{FAE04EC0-301F-11D3-BF4B-00C04F79EFBC}") = "UnitTestEncriptadores.Tests", "UnitTestEncriptadores\UnitTestEncriptadores.Tests.csproj", "{03927037-068B-4274-87AE-7C65E29DDB21}"
EndProject
Project("{FAE04EC0-301F-11D3-BF4B-00C04F79EFBC}") = "EJ3", "EJ3\EJ3.csproj", "{15B1438C-7C32-49F9-959F-6730DB964B7F}"
EndProject
Global
	GlobalSection(SolutionConfigurationPlatforms) = preSolution
		Debug|Any CPU = Debug|Any CPU
		Release|Any CPU = Release|Any CPU
	EndGlobalSection
	GlobalSection(ProjectConfigurationPlatforms) = postSolution
		{0017464C-3845-4817-9951-596ABB490274}.Debug|Any CPU.ActiveCfg = Debug|Any CPU
		{0017464C-3845-4817-9951-596ABB490274}.Debug|Any CPU.Build.0 = Debug|Any CPU
		{0017464C-3845-4817-9951-596ABB490274}.Release|Any CPU.ActiveCfg = Release|Any CPU
		{0017464C-3845-4817-9951-596ABB490274}.Release|Any CPU.Build.0 = Release|Any CPU
		{889D6FEA-22C9-4699-BF71-BDC0584AF68A}.Debug|Any CPU.ActiveCfg = Debug|Any CPU
		{889D6FEA-22C9-4699-BF71-BDC0584AF68A}.Debug|Any CPU.Build.0 = Debug|Any CPU
		{889D6FEA-22C9-4699-BF71-BDC0584AF68A}.Release|Any CPU.ActiveCfg = Release|Any CPU
		{889D6FEA-22C9-4699-BF71-BDC0584AF68A}.Release|Any CPU.Build.0 = Release|Any CPU
		{E05ADF09-B37E-4123-9D59-896428DE4096}.Debug|Any CPU.ActiveCfg = Debug|Any CPU
		{E05ADF09-B37E-4123-9D59-896428DE4096}.Debug|Any CPU.Build.0 = Debug|Any CPU
		{E05ADF09-B37E-4123-9D59-896428DE4096}.Release|Any CPU.ActiveCfg = Release|Any CPU
		{E05ADF09-B37E-4123-9D59-896428DE4096}.Release|Any CPU.Build.0 = Release|Any CPU
		{03927037-068B-4274-87AE-7C65E29DDB21}.Debug|Any CPU.ActiveCfg = Debug|Any CPU
		{03927037-068B-4274-87AE-7C65E29DDB21}.Debug|Any CPU.Build.0 = Debug|Any CPU
		{03927037-068B-4274-87AE-7C65E29DDB21}.Release|Any CPU.ActiveCfg = Release|Any CPU
		{03927037-068B-4274-87AE-7C65E29DDB21}.Release|Any CPU.Build.0 = Release|Any CPU
		{15B1438C-7C32-49F9-959F-6730DB964B7F}.Debug|Any CPU.ActiveCfg = Debug|Any CPU
		{15B1438C-7C32-49F9-959F-6730DB964B7F}.Debug|Any CPU.Build.0 = Debug|Any CPU
		{15B1438C-7C32-49F9-959F-6730DB964B7F}.Release|Any CPU.ActiveCfg = Release|Any CPU
		{15B1438C-7C32-49F9-959F-6730DB964B7F}.Release|Any CPU.Build.0 = Release|Any CPU
	EndGlobalSection
	GlobalSection(SolutionProperties) = preSolution
		HideSolutionNode = FALSE
	EndGlobalSection
	GlobalSection(ExtensibilityGlobals) = postSolution
		SolutionGuid = {4303E0FE-2075-49BD-8B4D-B4E0D579CCAC}
	EndGlobalSection
EndGlobal
